<?xml version="1.0" encoding="utf-8"?>
<Project ToolsVersion="4.0" xmlns="http://schemas.microsoft.com/developer/msbuild/2003">
  <ItemGroup>
    <Filter Include="01. Header">
      <UniqueIdentifier>{5cb15172-0cec-491f-8159-6e28973bc560}</UniqueIdentifier>
    </Filter>
    <Filter Include="99. Module">
      <UniqueIdentifier>{46905baa-3070-43c3-974c-22d104dce545}</UniqueIdentifier>
    </Filter>
    <Filter Include="03. Client">
      <UniqueIdentifier>{ffead1c6-58ab-44da-90dc-63a83d3a32dd}</UniqueIdentifier>
    </Filter>
    <Filter Include="02. DirectX">
      <UniqueIdentifier>{cdf44a36-adb2-4932-a020-776da880ac48}</UniqueIdentifier>
    </Filter>
    <Filter Include="04. Object">
      <UniqueIdentifier>{d18c4fe6-4e40-4432-857c-7435c1a42152}</UniqueIdentifier>
    </Filter>
    <Filter Include="04. Object\GameObject">
      <UniqueIdentifier>{5e328131-465e-4e78-b223-3f13058f0dc9}</UniqueIdentifier>
    </Filter>
    <Filter Include="04. Object\Component">
      <UniqueIdentifier>{0ebd1a68-29b5-43f4-be15-a802da2a86b6}</UniqueIdentifier>
    </Filter>
    <Filter Include="05. Asset">
      <UniqueIdentifier>{088a7dcc-6efc-4751-bc65-b1a7185e772e}</UniqueIdentifier>
    </Filter>
    <Filter Include="02. DirectX\Buffer">
      <UniqueIdentifier>{4ea7a334-7804-42f6-a4f8-a5c3745c5d40}</UniqueIdentifier>
    </Filter>
    <Filter Include="05. Asset\Mesh">
      <UniqueIdentifier>{a3058ad4-d53a-4f3f-9ef3-145222d049e9}</UniqueIdentifier>
    </Filter>
    <Filter Include="05. Asset\Texture">
      <UniqueIdentifier>{069ef677-fa00-44ea-9147-2ebd55755e08}</UniqueIdentifier>
    </Filter>
    <Filter Include="05. Asset\Material">
      <UniqueIdentifier>{a6e13955-c1da-4860-a02f-72805dad9801}</UniqueIdentifier>
    </Filter>
    <Filter Include="05. Asset\Shader">
      <UniqueIdentifier>{8e7566f0-fa72-4be6-bbee-190f3cfea849}</UniqueIdentifier>
    </Filter>
    <Filter Include="05. Asset\Shader\HLSL">
      <UniqueIdentifier>{8dd421e0-e123-4fc8-9247-8659c521f28c}</UniqueIdentifier>
    </Filter>
  </ItemGroup>
  <ItemGroup>
    <ClInclude Include="pch.h">
      <Filter>01. Header</Filter>
    </ClInclude>
    <ClInclude Include="Define.h">
      <Filter>01. Header</Filter>
    </ClInclude>
    <ClInclude Include="Using.h">
      <Filter>01. Header</Filter>
    </ClInclude>
    <ClInclude Include="SimpleMath.h">
      <Filter>99. Module</Filter>
    </ClInclude>
    <ClInclude Include="Client.h">
      <Filter>03. Client</Filter>
    </ClInclude>
    <ClInclude Include="IExecute.h">
      <Filter>03. Client</Filter>
    </ClInclude>
    <ClInclude Include="Device.h">
      <Filter>02. DirectX</Filter>
    </ClInclude>
    <ClInclude Include="Exception.h">
      <Filter>01. Header</Filter>
    </ClInclude>
    <ClInclude Include="Component.h">
      <Filter>04. Object\Component</Filter>
    </ClInclude>
    <ClInclude Include="GameObject.h">
      <Filter>04. Object\GameObject</Filter>
    </ClInclude>
    <ClInclude Include="Object.h">
      <Filter>04. Object</Filter>
    </ClInclude>
    <ClInclude Include="Transform.h">
      <Filter>04. Object\Component</Filter>
    </ClInclude>
    <ClInclude Include="SpriteRenderer.h">
      <Filter>04. Object\Component</Filter>
    </ClInclude>
    <ClInclude Include="VertexData.h">
      <Filter>02. DirectX\Buffer</Filter>
    </ClInclude>
    <ClInclude Include="ConstantBuffer.h">
      <Filter>02. DirectX\Buffer</Filter>
    </ClInclude>
    <ClInclude Include="Geometry.h">
      <Filter>02. DirectX\Buffer</Filter>
    </ClInclude>
    <ClInclude Include="GeometryHelper.h">
      <Filter>02. DirectX\Buffer</Filter>
    </ClInclude>
    <ClInclude Include="IndexBuffer.h">
      <Filter>02. DirectX\Buffer</Filter>
    </ClInclude>
    <ClInclude Include="VertexBuffer.h">
      <Filter>02. DirectX\Buffer</Filter>
    </ClInclude>
    <ClInclude Include="AssetManager.h">
      <Filter>05. Asset</Filter>
    </ClInclude>
    <ClInclude Include="Singleton.h">
      <Filter>01. Header</Filter>
    </ClInclude>
    <ClInclude Include="Asset.h">
      <Filter>05. Asset</Filter>
    </ClInclude>
    <ClInclude Include="Mesh.h">
      <Filter>05. Asset\Mesh</Filter>
    </ClInclude>
    <ClInclude Include="Texture.h">
      <Filter>05. Asset\Texture</Filter>
    </ClInclude>
    <ClInclude Include="Material.h">
      <Filter>05. Asset\Material</Filter>
    </ClInclude>
    <ClInclude Include="Shader.h">
      <Filter>05. Asset\Shader</Filter>
    </ClInclude>
    <ClInclude Include="ShaderDesc.h">
      <Filter>05. Asset\Shader</Filter>
    </ClInclude>
  </ItemGroup>
  <ItemGroup>
    <ClCompile Include="pch.cpp">
      <Filter>01. Header</Filter>
    </ClCompile>
    <ClCompile Include="SimpleMath.cpp">
      <Filter>99. Module</Filter>
    </ClCompile>
    <ClCompile Include="Client.cpp">
      <Filter>03. Client</Filter>
    </ClCompile>
    <ClCompile Include="IExecute.cpp">
      <Filter>03. Client</Filter>
    </ClCompile>
    <ClCompile Include="Device.cpp">
      <Filter>02. DirectX</Filter>
    </ClCompile>
    <ClCompile Include="Exception.cpp">
      <Filter>01. Header</Filter>
    </ClCompile>
    <ClCompile Include="Component.cpp">
      <Filter>04. Object\Component</Filter>
    </ClCompile>
    <ClCompile Include="GameObject.cpp">
      <Filter>04. Object\GameObject</Filter>
    </ClCompile>
    <ClCompile Include="Object.cpp">
      <Filter>04. Object</Filter>
    </ClCompile>
    <ClCompile Include="Transform.cpp">
      <Filter>04. Object\Component</Filter>
    </ClCompile>
    <ClCompile Include="SpriteRenderer.cpp">
      <Filter>04. Object\Component</Filter>
    </ClCompile>
    <ClCompile Include="ConstantBuffer.cpp">
      <Filter>02. DirectX\Buffer</Filter>
    </ClCompile>
    <ClCompile Include="Geometry.cpp">
      <Filter>02. DirectX\Buffer</Filter>
    </ClCompile>
    <ClCompile Include="GeometryHelper.cpp">
      <Filter>02. DirectX\Buffer</Filter>
    </ClCompile>
    <ClCompile Include="IndexBuffer.cpp">
      <Filter>02. DirectX\Buffer</Filter>
    </ClCompile>
    <ClCompile Include="VertexBuffer.cpp">
      <Filter>02. DirectX\Buffer</Filter>
    </ClCompile>
    <ClCompile Include="VertexData.cpp">
      <Filter>02. DirectX\Buffer</Filter>
    </ClCompile>
    <ClCompile Include="AssetManager.cpp">
      <Filter>05. Asset</Filter>
    </ClCompile>
    <ClCompile Include="Asset.cpp">
      <Filter>05. Asset</Filter>
    </ClCompile>
    <ClCompile Include="Mesh.cpp">
      <Filter>05. Asset\Mesh</Filter>
    </ClCompile>
    <ClCompile Include="Texture.cpp">
      <Filter>05. Asset\Texture</Filter>
    </ClCompile>
    <ClCompile Include="Material.cpp">
      <Filter>05. Asset\Material</Filter>
    </ClCompile>
    <ClCompile Include="Shader.cpp">
      <Filter>05. Asset\Shader</Filter>
    </ClCompile>
    <ClCompile Include="ShaderDesc.cpp">
      <Filter>05. Asset\Shader</Filter>
    </ClCompile>
  </ItemGroup>
  <ItemGroup>
    <None Include="SimpleMath.inl">
      <Filter>99. Module</Filter>
    </None>
  </ItemGroup>
</Project>